// !$*UTF8*$!
{
	archiveVersion = 1;
	classes = {
	};
	objectVersion = 50;
	objects = {

/* Begin PBXBuildFile section */
		75A4311C22D65DBC000308DC /* AppDelegate.swift in Sources */ = {isa = PBXBuildFile; fileRef = 75A4311B22D65DBC000308DC /* AppDelegate.swift */; };
		75A4311E22D65DBC000308DC /* ViewController.swift in Sources */ = {isa = PBXBuildFile; fileRef = 75A4311D22D65DBC000308DC /* ViewController.swift */; };
		75A4312122D65DBC000308DC /* Main.storyboard in Resources */ = {isa = PBXBuildFile; fileRef = 75A4311F22D65DBC000308DC /* Main.storyboard */; };
		75A4312422D65DBC000308DC /* NutriDesk.xcdatamodeld in Sources */ = {isa = PBXBuildFile; fileRef = 75A4312222D65DBC000308DC /* NutriDesk.xcdatamodeld */; };
		75A4312622D65DC0000308DC /* Assets.xcassets in Resources */ = {isa = PBXBuildFile; fileRef = 75A4312522D65DC0000308DC /* Assets.xcassets */; };
		75A4312922D65DC0000308DC /* LaunchScreen.storyboard in Resources */ = {isa = PBXBuildFile; fileRef = 75A4312722D65DC0000308DC /* LaunchScreen.storyboard */; };
		75A4313422D65DC0000308DC /* NutriDeskTests.swift in Sources */ = {isa = PBXBuildFile; fileRef = 75A4313322D65DC0000308DC /* NutriDeskTests.swift */; };
		75A4313F22D65DC0000308DC /* NutriDeskUITests.swift in Sources */ = {isa = PBXBuildFile; fileRef = 75A4313E22D65DC0000308DC /* NutriDeskUITests.swift */; };
		75A4314D22D69EE4000308DC /* MeusPacientesTableViewController.swift in Sources */ = {isa = PBXBuildFile; fileRef = 75A4314C22D69EE4000308DC /* MeusPacientesTableViewController.swift */; };
		75A4314F22DD12EB000308DC /* NovosPacientesTableViewController.swift in Sources */ = {isa = PBXBuildFile; fileRef = 75A4314E22DD12EB000308DC /* NovosPacientesTableViewController.swift */; };
		75A4315122E68AF6000308DC /* UITextFieldController.swift in Sources */ = {isa = PBXBuildFile; fileRef = 75A4315022E68AF6000308DC /* UITextFieldController.swift */; };
/* End PBXBuildFile section */

/* Begin PBXContainerItemProxy section */
		75A4313022D65DC0000308DC /* PBXContainerItemProxy */ = {
			isa = PBXContainerItemProxy;
			containerPortal = 75A4311022D65DBC000308DC /* Project object */;
			proxyType = 1;
			remoteGlobalIDString = 75A4311722D65DBC000308DC;
			remoteInfo = NutriDesk;
		};
		75A4313B22D65DC0000308DC /* PBXContainerItemProxy */ = {
			isa = PBXContainerItemProxy;
			containerPortal = 75A4311022D65DBC000308DC /* Project object */;
			proxyType = 1;
			remoteGlobalIDString = 75A4311722D65DBC000308DC;
			remoteInfo = NutriDesk;
		};
/* End PBXContainerItemProxy section */

/* Begin PBXFileReference section */
		75A4311822D65DBC000308DC /* NutriDesk.app */ = {isa = PBXFileReference; explicitFileType = wrapper.application; includeInIndex = 0; path = NutriDesk.app; sourceTree = BUILT_PRODUCTS_DIR; };
		75A4311B22D65DBC000308DC /* AppDelegate.swift */ = {isa = PBXFileReference; lastKnownFileType = sourcecode.swift; path = AppDelegate.swift; sourceTree = "<group>"; };
		75A4311D22D65DBC000308DC /* ViewController.swift */ = {isa = PBXFileReference; lastKnownFileType = sourcecode.swift; path = ViewController.swift; sourceTree = "<group>"; };
		75A4312022D65DBC000308DC /* Base */ = {isa = PBXFileReference; lastKnownFileType = file.storyboard; name = Base; path = Base.lproj/Main.storyboard; sourceTree = "<group>"; };
		75A4312322D65DBC000308DC /* NutriDesk.xcdatamodel */ = {isa = PBXFileReference; lastKnownFileType = wrapper.xcdatamodel; path = NutriDesk.xcdatamodel; sourceTree = "<group>"; };
		75A4312522D65DC0000308DC /* Assets.xcassets */ = {isa = PBXFileReference; lastKnownFileType = folder.assetcatalog; path = Assets.xcassets; sourceTree = "<group>"; };
		75A4312822D65DC0000308DC /* Base */ = {isa = PBXFileReference; lastKnownFileType = file.storyboard; name = Base; path = Base.lproj/LaunchScreen.storyboard; sourceTree = "<group>"; };
		75A4312A22D65DC0000308DC /* Info.plist */ = {isa = PBXFileReference; lastKnownFileType = text.plist.xml; path = Info.plist; sourceTree = "<group>"; };
		75A4312F22D65DC0000308DC /* NutriDeskTests.xctest */ = {isa = PBXFileReference; explicitFileType = wrapper.cfbundle; includeInIndex = 0; path = NutriDeskTests.xctest; sourceTree = BUILT_PRODUCTS_DIR; };
		75A4313322D65DC0000308DC /* NutriDeskTests.swift */ = {isa = PBXFileReference; lastKnownFileType = sourcecode.swift; path = NutriDeskTests.swift; sourceTree = "<group>"; };
		75A4313522D65DC0000308DC /* Info.plist */ = {isa = PBXFileReference; lastKnownFileType = text.plist.xml; path = Info.plist; sourceTree = "<group>"; };
		75A4313A22D65DC0000308DC /* NutriDeskUITests.xctest */ = {isa = PBXFileReference; explicitFileType = wrapper.cfbundle; includeInIndex = 0; path = NutriDeskUITests.xctest; sourceTree = BUILT_PRODUCTS_DIR; };
		75A4313E22D65DC0000308DC /* NutriDeskUITests.swift */ = {isa = PBXFileReference; lastKnownFileType = sourcecode.swift; path = NutriDeskUITests.swift; sourceTree = "<group>"; };
		75A4314022D65DC0000308DC /* Info.plist */ = {isa = PBXFileReference; lastKnownFileType = text.plist.xml; path = Info.plist; sourceTree = "<group>"; };
		75A4314C22D69EE4000308DC /* MeusPacientesTableViewController.swift */ = {isa = PBXFileReference; lastKnownFileType = sourcecode.swift; path = MeusPacientesTableViewController.swift; sourceTree = "<group>"; };
		75A4314E22DD12EB000308DC /* NovosPacientesTableViewController.swift */ = {isa = PBXFileReference; lastKnownFileType = sourcecode.swift; path = NovosPacientesTableViewController.swift; sourceTree = "<group>"; };
		75A4315022E68AF6000308DC /* UITextFieldController.swift */ = {isa = PBXFileReference; lastKnownFileType = sourcecode.swift; path = UITextFieldController.swift; sourceTree = "<group>"; };
/* End PBXFileReference section */

/* Begin PBXFrameworksBuildPhase section */
		75A4311522D65DBC000308DC /* Frameworks */ = {
			isa = PBXFrameworksBuildPhase;
			buildActionMask = 2147483647;
			files = (
			);
			runOnlyForDeploymentPostprocessing = 0;
		};
		75A4312C22D65DC0000308DC /* Frameworks */ = {
			isa = PBXFrameworksBuildPhase;
			buildActionMask = 2147483647;
			files = (
			);
			runOnlyForDeploymentPostprocessing = 0;
		};
		75A4313722D65DC0000308DC /* Frameworks */ = {
			isa = PBXFrameworksBuildPhase;
			buildActionMask = 2147483647;
			files = (
			);
			runOnlyForDeploymentPostprocessing = 0;
		};
/* End PBXFrameworksBuildPhase section */

/* Begin PBXGroup section */
		75A4310F22D65DBC000308DC = {
			isa = PBXGroup;
			children = (
				75A4311A22D65DBC000308DC /* NutriDesk */,
				75A4313222D65DC0000308DC /* NutriDeskTests */,
				75A4313D22D65DC0000308DC /* NutriDeskUITests */,
				75A4311922D65DBC000308DC /* Products */,
			);
			sourceTree = "<group>";
		};
		75A4311922D65DBC000308DC /* Products */ = {
			isa = PBXGroup;
			children = (
				75A4311822D65DBC000308DC /* NutriDesk.app */,
				75A4312F22D65DC0000308DC /* NutriDeskTests.xctest */,
				75A4313A22D65DC0000308DC /* NutriDeskUITests.xctest */,
			);
			name = Products;
			sourceTree = "<group>";
		};
		75A4311A22D65DBC000308DC /* NutriDesk */ = {
			isa = PBXGroup;
			children = (
				75A4311B22D65DBC000308DC /* AppDelegate.swift */,
				75A4311F22D65DBC000308DC /* Main.storyboard */,
				75A4311D22D65DBC000308DC /* ViewController.swift */,
				75A4314C22D69EE4000308DC /* MeusPacientesTableViewController.swift */,
				75A4314E22DD12EB000308DC /* NovosPacientesTableViewController.swift */,
				75A4315022E68AF6000308DC /* UITextFieldController.swift */,
				75A4312522D65DC0000308DC /* Assets.xcassets */,
				75A4312722D65DC0000308DC /* LaunchScreen.storyboard */,
				75A4312A22D65DC0000308DC /* Info.plist */,
				75A4312222D65DBC000308DC /* NutriDesk.xcdatamodeld */,
			);
			path = NutriDesk;
			sourceTree = "<group>";
		};
		75A4313222D65DC0000308DC /* NutriDeskTests */ = {
			isa = PBXGroup;
			children = (
				75A4313322D65DC0000308DC /* NutriDeskTests.swift */,
				75A4313522D65DC0000308DC /* Info.plist */,
			);
			path = NutriDeskTests;
			sourceTree = "<group>";
		};
		75A4313D22D65DC0000308DC /* NutriDeskUITests */ = {
			isa = PBXGroup;
			children = (
				75A4313E22D65DC0000308DC /* NutriDeskUITests.swift */,
				75A4314022D65DC0000308DC /* Info.plist */,
			);
			path = NutriDeskUITests;
			sourceTree = "<group>";
		};
/* End PBXGroup section */

/* Begin PBXNativeTarget section */
		75A4311722D65DBC000308DC /* NutriDesk */ = {
			isa = PBXNativeTarget;
			buildConfigurationList = 75A4314322D65DC0000308DC /* Build configuration list for PBXNativeTarget "NutriDesk" */;
			buildPhases = (
				75A4311422D65DBC000308DC /* Sources */,
				75A4311522D65DBC000308DC /* Frameworks */,
				75A4311622D65DBC000308DC /* Resources */,
			);
			buildRules = (
			);
			dependencies = (
			);
			name = NutriDesk;
			productName = NutriDesk;
			productReference = 75A4311822D65DBC000308DC /* NutriDesk.app */;
			productType = "com.apple.product-type.application";
		};
		75A4312E22D65DC0000308DC /* NutriDeskTests */ = {
			isa = PBXNativeTarget;
			buildConfigurationList = 75A4314622D65DC0000308DC /* Build configuration list for PBXNativeTarget "NutriDeskTests" */;
			buildPhases = (
				75A4312B22D65DC0000308DC /* Sources */,
				75A4312C22D65DC0000308DC /* Frameworks */,
				75A4312D22D65DC0000308DC /* Resources */,
			);
			buildRules = (
			);
			dependencies = (
				75A4313122D65DC0000308DC /* PBXTargetDependency */,
			);
			name = NutriDeskTests;
			productName = NutriDeskTests;
			productReference = 75A4312F22D65DC0000308DC /* NutriDeskTests.xctest */;
			productType = "com.apple.product-type.bundle.unit-test";
		};
		75A4313922D65DC0000308DC /* NutriDeskUITests */ = {
			isa = PBXNativeTarget;
			buildConfigurationList = 75A4314922D65DC0000308DC /* Build configuration list for PBXNativeTarget "NutriDeskUITests" */;
			buildPhases = (
				75A4313622D65DC0000308DC /* Sources */,
				75A4313722D65DC0000308DC /* Frameworks */,
				75A4313822D65DC0000308DC /* Resources */,
			);
			buildRules = (
			);
			dependencies = (
				75A4313C22D65DC0000308DC /* PBXTargetDependency */,
			);
			name = NutriDeskUITests;
			productName = NutriDeskUITests;
			productReference = 75A4313A22D65DC0000308DC /* NutriDeskUITests.xctest */;
			productType = "com.apple.product-type.bundle.ui-testing";
		};
/* End PBXNativeTarget section */

/* Begin PBXProject section */
		75A4311022D65DBC000308DC /* Project object */ = {
			isa = PBXProject;
			attributes = {
				LastSwiftUpdateCheck = 1020;
				LastUpgradeCheck = 1020;
				ORGANIZATIONNAME = "Julia Santos";
				TargetAttributes = {
					75A4311722D65DBC000308DC = {
						CreatedOnToolsVersion = 10.2.1;
					};
					75A4312E22D65DC0000308DC = {
						CreatedOnToolsVersion = 10.2.1;
						TestTargetID = 75A4311722D65DBC000308DC;
					};
					75A4313922D65DC0000308DC = {
						CreatedOnToolsVersion = 10.2.1;
						TestTargetID = 75A4311722D65DBC000308DC;
					};
				};
			};
			buildConfigurationList = 75A4311322D65DBC000308DC /* Build configuration list for PBXProject "NutriDesk" */;
			compatibilityVersion = "Xcode 9.3";
			developmentRegion = en;
			hasScannedForEncodings = 0;
			knownRegions = (
				en,
				Base,
			);
			mainGroup = 75A4310F22D65DBC000308DC;
			productRefGroup = 75A4311922D65DBC000308DC /* Products */;
			projectDirPath = "";
			projectRoot = "";
			targets = (
				75A4311722D65DBC000308DC /* NutriDesk */,
				75A4312E22D65DC0000308DC /* NutriDeskTests */,
				75A4313922D65DC0000308DC /* NutriDeskUITests */,
			);
		};
/* End PBXProject section */

/* Begin PBXResourcesBuildPhase section */
		75A4311622D65DBC000308DC /* Resources */ = {
			isa = PBXResourcesBuildPhase;
			buildActionMask = 2147483647;
			files = (
				75A4312922D65DC0000308DC /* LaunchScreen.storyboard in Resources */,
				75A4312622D65DC0000308DC /* Assets.xcassets in Resources */,
				75A4312122D65DBC000308DC /* Main.storyboard in Resources */,
			);
			runOnlyForDeploymentPostprocessing = 0;
		};
		75A4312D22D65DC0000308DC /* Resources */ = {
			isa = PBXResourcesBuildPhase;
			buildActionMask = 2147483647;
			files = (
			);
			runOnlyForDeploymentPostprocessing = 0;
		};
		75A4313822D65DC0000308DC /* Resources */ = {
			isa = PBXResourcesBuildPhase;
			buildActionMask = 2147483647;
			files = (
			);
			runOnlyForDeploymentPostprocessing = 0;
		};
/* End PBXResourcesBuildPhase section */

/* Begin PBXSourcesBuildPhase section */
		75A4311422D65DBC000308DC /* Sources */ = {
			isa = PBXSourcesBuildPhase;
			buildActionMask = 2147483647;
			files = (
				75A4311E22D65DBC000308DC /* ViewController.swift in Sources */,
				75A4314F22DD12EB000308DC /* NovosPacientesTableViewController.swift in Sources */,
				75A4312422D65DBC000308DC /* NutriDesk.xcdatamodeld in Sources */,
				75A4315122E68AF6000308DC /* UITextFieldController.swift in Sources */,
				75A4314D22D69EE4000308DC /* MeusPacientesTableViewController.swift in Sources */,
				75A4311C22D65DBC000308DC /* AppDelegate.swift in Sources */,
			);
			runOnlyForDeploymentPostprocessing = 0;
		};
		75A4312B22D65DC0000308DC /* Sources */ = {
			isa = PBXSourcesBuildPhase;
			buildActionMask = 2147483647;
			files = (
				75A4313422D65DC0000308DC /* NutriDeskTests.swift in Sources */,
			);
			runOnlyForDeploymentPostprocessing = 0;
		};
		75A4313622D65DC0000308DC /* Sources */ = {
			isa = PBXSourcesBuildPhase;
			buildActionMask = 2147483647;
			files = (
				75A4313F22D65DC0000308DC /* NutriDeskUITests.swift in Sources */,
			);
			runOnlyForDeploymentPostprocessing = 0;
		};
/* End PBXSourcesBuildPhase section */

/* Begin PBXTargetDependency section */
		75A4313122D65DC0000308DC /* PBXTargetDependency */ = {
			isa = PBXTargetDependency;
			target = 75A4311722D65DBC000308DC /* NutriDesk */;
			targetProxy = 75A4313022D65DC0000308DC /* PBXContainerItemProxy */;
		};
		75A4313C22D65DC0000308DC /* PBXTargetDependency */ = {
			isa = PBXTargetDependency;
			target = 75A4311722D65DBC000308DC /* NutriDesk */;
			targetProxy = 75A4313B22D65DC0000308DC /* PBXContainerItemProxy */;
		};
/* End PBXTargetDependency section */

/* Begin PBXVariantGroup section */
		75A4311F22D65DBC000308DC /* Main.storyboard */ = {
			isa = PBXVariantGroup;
			children = (
				75A4312022D65DBC000308DC /* Base */,
			);
			name = Main.storyboard;
			sourceTree = "<group>";
		};
		75A4312722D65DC0000308DC /* LaunchScreen.storyboard */ = {
			isa = PBXVariantGroup;
			children = (
				75A4312822D65DC0000308DC /* Base */,
			);
			name = LaunchScreen.storyboard;
			sourceTree = "<group>";
		};
/* End PBXVariantGroup section */

/* Begin XCBuildConfiguration section */
		75A4314122D65DC0000308DC /* Debug */ = {
			isa = XCBuildConfiguration;
			buildSettings = {
				ALWAYS_SEARCH_USER_PATHS = NO;
				CLANG_ANALYZER_NONNULL = YES;
				CLANG_ANALYZER_NUMBER_OBJECT_CONVERSION = YES_AGGRESSIVE;
				CLANG_CXX_LANGUAGE_STANDARD = "gnu++14";
				CLANG_CXX_LIBRARY = "libc++";
				CLANG_ENABLE_MODULES = YES;
				CLANG_ENABLE_OBJC_ARC = YES;
				CLANG_ENABLE_OBJC_WEAK = YES;
				CLANG_WARN_BLOCK_CAPTURE_AUTORELEASING = YES;
				CLANG_WARN_BOOL_CONVERSION = YES;
				CLANG_WARN_COMMA = YES;
				CLANG_WARN_CONSTANT_CONVERSION = YES;
				CLANG_WARN_DEPRECATED_OBJC_IMPLEMENTATIONS = YES;
				CLANG_WARN_DIRECT_OBJC_ISA_USAGE = YES_ERROR;
				CLANG_WARN_DOCUMENTATION_COMMENTS = YES;
				CLANG_WARN_EMPTY_BODY = YES;
				CLANG_WARN_ENUM_CONVERSION = YES;
				CLANG_WARN_INFINITE_RECURSION = YES;
				CLANG_WARN_INT_CONVERSION = YES;
				CLANG_WARN_NON_LITERAL_NULL_CONVERSION = YES;
				CLANG_WARN_OBJC_IMPLICIT_RETAIN_SELF = YES;
				CLANG_WARN_OBJC_LITERAL_CONVERSION = YES;
				CLANG_WARN_OBJC_ROOT_CLASS = YES_ERROR;
				CLANG_WARN_RANGE_LOOP_ANALYSIS = YES;
				CLANG_WARN_STRICT_PROTOTYPES = YES;
				CLANG_WARN_SUSPICIOUS_MOVE = YES;
				CLANG_WARN_UNGUARDED_AVAILABILITY = YES_AGGRESSIVE;
				CLANG_WARN_UNREACHABLE_CODE = YES;
				CLANG_WARN__DUPLICATE_METHOD_MATCH = YES;
				CODE_SIGN_IDENTITY = "iPhone Developer";
				COPY_PHASE_STRIP = NO;
				DEBUG_INFORMATION_FORMAT = dwarf;
				ENABLE_STRICT_OBJC_MSGSEND = YES;
				ENABLE_TESTABILITY = YES;
				GCC_C_LANGUAGE_STANDARD = gnu11;
				GCC_DYNAMIC_NO_PIC = NO;
				GCC_NO_COMMON_BLOCKS = YES;
				GCC_OPTIMIZATION_LEVEL = 0;
				GCC_PREPROCESSOR_DEFINITIONS = (
					"DEBUG=1",
					"$(inherited)",
				);
				GCC_WARN_64_TO_32_BIT_CONVERSION = YES;
				GCC_WARN_ABOUT_RETURN_TYPE = YES_ERROR;
				GCC_WARN_UNDECLARED_SELECTOR = YES;
				GCC_WARN_UNINITIALIZED_AUTOS = YES_AGGRESSIVE;
				GCC_WARN_UNUSED_FUNCTION = YES;
				GCC_WARN_UNUSED_VARIABLE = YES;
				IPHONEOS_DEPLOYMENT_TARGET = 12.2;
				MTL_ENABLE_DEBUG_INFO = INCLUDE_SOURCE;
				MTL_FAST_MATH = YES;
				ONLY_ACTIVE_ARCH = YES;
				SDKROOT = iphoneos;
				SWIFT_ACTIVE_COMPILATION_CONDITIONS = DEBUG;
				SWIFT_OPTIMIZATION_LEVEL = "-Onone";
			};
			name = Debug;
		};
		75A4314222D65DC0000308DC /* Release */ = {
			isa = XCBuildConfiguration;
			buildSettings = {
				ALWAYS_SEARCH_USER_PATHS = NO;
				CLANG_ANALYZER_NONNULL = YES;
				CLANG_ANALYZER_NUMBER_OBJECT_CONVERSION = YES_AGGRESSIVE;
				CLANG_CXX_LANGUAGE_STANDARD = "gnu++14";
				CLANG_CXX_LIBRARY = "libc++";
				CLANG_ENABLE_MODULES = YES;
				CLANG_ENABLE_OBJC_ARC = YES;
				CLANG_ENABLE_OBJC_WEAK = YES;
				CLANG_WARN_BLOCK_CAPTURE_AUTORELEASING = YES;
				CLANG_WARN_BOOL_CONVERSION = YES;
				CLANG_WARN_COMMA = YES;
				CLANG_WARN_CONSTANT_CONVERSION = YES;
				CLANG_WARN_DEPRECATED_OBJC_IMPLEMENTATIONS = YES;
				CLANG_WARN_DIRECT_OBJC_ISA_USAGE = YES_ERROR;
				CLANG_WARN_DOCUMENTATION_COMMENTS = YES;
				CLANG_WARN_EMPTY_BODY = YES;
				CLANG_WARN_ENUM_CONVERSION = YES;
				CLANG_WARN_INFINITE_RECURSION = YES;
				CLANG_WARN_INT_CONVERSION = YES;
				CLANG_WARN_NON_LITERAL_NULL_CONVERSION = YES;
				CLANG_WARN_OBJC_IMPLICIT_RETAIN_SELF = YES;
				CLANG_WARN_OBJC_LITERAL_CONVERSION = YES;
				CLANG_WARN_OBJC_ROOT_CLASS = YES_ERROR;
				CLANG_WARN_RANGE_LOOP_ANALYSIS = YES;
				CLANG_WARN_STRICT_PROTOTYPES = YES;
				CLANG_WARN_SUSPICIOUS_MOVE = YES;
				CLANG_WARN_UNGUARDED_AVAILABILITY = YES_AGGRESSIVE;
				CLANG_WARN_UNREACHABLE_CODE = YES;
				CLANG_WARN__DUPLICATE_METHOD_MATCH = YES;
				CODE_SIGN_IDENTITY = "iPhone Developer";
				COPY_PHASE_STRIP = NO;
				DEBUG_INFORMATION_FORMAT = "dwarf-with-dsym";
				ENABLE_NS_ASSERTIONS = NO;
				ENABLE_STRICT_OBJC_MSGSEND = YES;
				GCC_C_LANGUAGE_STANDARD = gnu11;
				GCC_NO_COMMON_BLOCKS = YES;
				GCC_WARN_64_TO_32_BIT_CONVERSION = YES;
				GCC_WARN_ABOUT_RETURN_TYPE = YES_ERROR;
				GCC_WARN_UNDECLARED_SELECTOR = YES;
				GCC_WARN_UNINITIALIZED_AUTOS = YES_AGGRESSIVE;
				GCC_WARN_UNUSED_FUNCTION = YES;
				GCC_WARN_UNUSED_VARIABLE = YES;
				IPHONEOS_DEPLOYMENT_TARGET = 12.2;
				MTL_ENABLE_DEBUG_INFO = NO;
				MTL_FAST_MATH = YES;
				SDKROOT = iphoneos;
				SWIFT_COMPILATION_MODE = wholemodule;
				SWIFT_OPTIMIZATION_LEVEL = "-O";
				VALIDATE_PRODUCT = YES;
			};
			name = Release;
		};
		75A4314422D65DC0000308DC /* Debug */ = {
			isa = XCBuildConfiguration;
			buildSettings = {
				ASSETCATALOG_COMPILER_APPICON_NAME = AppIcon;
				CODE_SIGN_STYLE = Automatic;
				DEVELOPMENT_TEAM = C7LP8JSPCF;
				INFOPLIST_FILE = NutriDesk/Info.plist;
				LD_RUNPATH_SEARCH_PATHS = (
					"$(inherited)",
					"@executable_path/Frameworks",
				);
				PRODUCT_BUNDLE_IDENTIFIER = MC2.NutriDesk;
				PRODUCT_NAME = "$(TARGET_NAME)";
				SWIFT_VERSION = 5.0;
				TARGETED_DEVICE_FAMILY = "1,2";
			};
			name = Debug;
		};
		75A4314522D65DC0000308DC /* Release */ = {
			isa = XCBuildConfiguration;
			buildSettings = {
				ASSETCATALOG_COMPILER_APPICON_NAME = AppIcon;
				CODE_SIGN_STYLE = Automatic;
				DEVELOPMENT_TEAM = C7LP8JSPCF;
				INFOPLIST_FILE = NutriDesk/Info.plist;
				LD_RUNPATH_SEARCH_PATHS = (
					"$(inherited)",
					"@executable_path/Frameworks",
				);
				PRODUCT_BUNDLE_IDENTIFIER = MC2.NutriDesk;
				PRODUCT_NAME = "$(TARGET_NAME)";
				SWIFT_VERSION = 5.0;
				TARGETED_DEVICE_FAMILY = "1,2";
			};
			name = Release;
		};
		75A4314722D65DC0000308DC /* Debug */ = {
			isa = XCBuildConfiguration;
			buildSettings = {
				ALWAYS_EMBED_SWIFT_STANDARD_LIBRARIES = YES;
				BUNDLE_LOADER = "$(TEST_HOST)";
				CODE_SIGN_STYLE = Automatic;
				DEVELOPMENT_TEAM = C7LP8JSPCF;
				INFOPLIST_FILE = NutriDeskTests/Info.plist;
				LD_RUNPATH_SEARCH_PATHS = (
					"$(inherited)",
					"@executable_path/Frameworks",
					"@loader_path/Frameworks",
				);
				PRODUCT_BUNDLE_IDENTIFIER = MC2.NutriDeskTests;
				PRODUCT_NAME = "$(TARGET_NAME)";
				SWIFT_VERSION = 5.0;
				TARGETED_DEVICE_FAMILY = "1,2";
				TEST_HOST = "$(BUILT_PRODUCTS_DIR)/NutriDesk.app/NutriDesk";
			};
			name = Debug;
		};
		75A4314822D65DC0000308DC /* Release */ = {
			isa = XCBuildConfiguration;
			buildSettings = {
				ALWAYS_EMBED_SWIFT_STANDARD_LIBRARIES = YES;
				BUNDLE_LOADER = "$(TEST_HOST)";
				CODE_SIGN_STYLE = Automatic;
				DEVELOPMENT_TEAM = C7LP8JSPCF;
				INFOPLIST_FILE = NutriDeskTests/Info.plist;
				LD_RUNPATH_SEARCH_PATHS = (
					"$(inherited)",
					"@executable_path/Frameworks",
					"@loader_path/Frameworks",
				);
				PRODUCT_BUNDLE_IDENTIFIER = MC2.NutriDeskTests;
				PRODUCT_NAME = "$(TARGET_NAME)";
				SWIFT_VERSION = 5.0;
				TARGETED_DEVICE_FAMILY = "1,2";
				TEST_HOST = "$(BUILT_PRODUCTS_DIR)/NutriDesk.app/NutriDesk";
			};
			name = Release;
		};
		75A4314A22D65DC0000308DC /* Debug */ = {
			isa = XCBuildConfiguration;
			buildSettings = {
				ALWAYS_EMBED_SWIFT_STANDARD_LIBRARIES = YES;
				CODE_SIGN_STYLE = Automatic;
				DEVELOPMENT_TEAM = C7LP8JSPCF;
				INFOPLIST_FILE = NutriDeskUITests/Info.plist;
				LD_RUNPATH_SEARCH_PATHS = (
					"$(inherited)",
					"@executable_path/Frameworks",
					"@loader_path/Frameworks",
				);
				PRODUCT_BUNDLE_IDENTIFIER = MC2.NutriDeskUITests;
				PRODUCT_NAME = "$(TARGET_NAME)";
				SWIFT_VERSION = 5.0;
				TARGETED_DEVICE_FAMILY = "1,2";
				TEST_TARGET_NAME = NutriDesk;
			};
			name = Debug;
		};
		75A4314B22D65DC0000308DC /* Release */ = {
			isa = XCBuildConfiguration;
			buildSettings = {
				ALWAYS_EMBED_SWIFT_STANDARD_LIBRARIES = YES;
				CODE_SIGN_STYLE = Automatic;
				DEVELOPMENT_TEAM = C7LP8JSPCF;
				INFOPLIST_FILE = NutriDeskUITests/Info.plist;
				LD_RUNPATH_SEARCH_PATHS = (
					"$(inherited)",
					"@executable_path/Frameworks",
					"@loader_path/Frameworks",
				);
				PRODUCT_BUNDLE_IDENTIFIER = MC2.NutriDeskUITests;
				PRODUCT_NAME = "$(TARGET_NAME)";
				SWIFT_VERSION = 5.0;
				TARGETED_DEVICE_FAMILY = "1,2";
				TEST_TARGET_NAME = NutriDesk;
			};
			name = Release;
		};
/* End XCBuildConfiguration section */

/* Begin XCConfigurationList section */
		75A4311322D65DBC000308DC /* Build configuration list for PBXProject "NutriDesk" */ = {
			isa = XCConfigurationList;
			buildConfigurations = (
				75A4314122D65DC0000308DC /* Debug */,
				75A4314222D65DC0000308DC /* Release */,
			);
			defaultConfigurationIsVisible = 0;
			defaultConfigurationName = Release;
		};
		75A4314322D65DC0000308DC /* Build configuration list for PBXNativeTarget "NutriDesk" */ = {
			isa = XCConfigurationList;
			buildConfigurations = (
				75A4314422D65DC0000308DC /* Debug */,
				75A4314522D65DC0000308DC /* Release */,
			);
			defaultConfigurationIsVisible = 0;
			defaultConfigurationName = Release;
		};
		75A4314622D65DC0000308DC /* Build configuration list for PBXNativeTarget "NutriDeskTests" */ = {
			isa = XCConfigurationList;
			buildConfigurations = (
				75A4314722D65DC0000308DC /* Debug */,
				75A4314822D65DC0000308DC /* Release */,
			);
			defaultConfigurationIsVisible = 0;
			defaultConfigurationName = Release;
		};
		75A4314922D65DC0000308DC /* Build configuration list for PBXNativeTarget "NutriDeskUITests" */ = {
			isa = XCConfigurationList;
			buildConfigurations = (
				75A4314A22D65DC0000308DC /* Debug */,
				75A4314B22D65DC0000308DC /* Release */,
			);
			defaultConfigurationIsVisible = 0;
			defaultConfigurationName = Release;
		};
/* End XCConfigurationList section */

/* Begin XCVersionGroup section */
		75A4312222D65DBC000308DC /* NutriDesk.xcdatamodeld */ = {
			isa = XCVersionGroup;
			children = (
				75A4312322D65DBC000308DC /* NutriDesk.xcdatamodel */,
			);
			currentVersion = 75A4312322D65DBC000308DC /* NutriDesk.xcdatamodel */;
			path = NutriDesk.xcdatamodeld;
			sourceTree = "<group>";
			versionGroupType = wrapper.xcdatamodel;
		};
/* End XCVersionGroup section */
	};
	rootObject = 75A4311022D65DBC000308DC /* Project object */;
}
